
Microsoft Visual Studio Solution File, Format Version 12.00
# Visual Studio Version 17
VisualStudioVersion = 17.10.35013.160
MinimumVisualStudioVersion = 10.0.40219.1
Project("{FAE04EC0-301F-11D3-BF4B-00C04F79EFBC}") = "Student_Contract", "Student_Contract\Student_Contract.csproj", "{69A4677A-8176-40AA-BE74-4AC30A427606}"
EndProject
Global
	GlobalSection(SolutionConfigurationPlatforms) = preSolution
		Debug|Any CPU = Debug|Any CPU
		Release|Any CPU = Release|Any CPU
	EndGlobalSection
	GlobalSection(ProjectConfigurationPlatforms) = postSolution
		{69A4677A-8176-40AA-BE74-4AC30A427606}.Debug|Any CPU.ActiveCfg = Debug|Any CPU
		{69A4677A-8176-40AA-BE74-4AC30A427606}.Debug|Any CPU.Build.0 = Debug|Any CPU
		{69A4677A-8176-40AA-BE74-4AC30A427606}.Release|Any CPU.ActiveCfg = Release|Any CPU
		{69A4677A-8176-40AA-BE74-4AC30A427606}.Release|Any CPU.Build.0 = Release|Any CPU
	EndGlobalSection
	GlobalSection(SolutionProperties) = preSolution
		HideSolutionNode = FALSE
	EndGlobalSection
	GlobalSection(ExtensibilityGlobals) = postSolution
		SolutionGuid = {68A30E71-73B1-4C21-AE2C-D04033ED4956}
	EndGlobalSection
EndGlobal
